lockfileVersion: '6.0'

settings:
  autoInstallPeers: true
  excludeLinksFromLockfile: false

dependencies:
  child_process:
    specifier: ^1.0.2
    version: 1.0.2

packages:

  /child_process@1.0.2:
    resolution: {integrity: sha512-Wmza/JzL0SiWz7kl6MhIKT5ceIlnFPJX+lwUGj7Clhy5MMldsSoJR0+uvRzOS5Kv45Mq7t1PoE8TsOA9bzvb6g==}
    dev: false
